PODS:
  - AWSCore (2.4.3)
  - AWSLambda (2.4.3):
    - AWSCore (= 2.4.3)
  - AWSS3 (2.4.3):
    - AWSCore (= 2.4.3)

DEPENDENCIES:
  - AWSLambda
  - AWSS3

SPEC CHECKSUMS:
  AWSCore: 1b1edbf65f948804c9d522f1c49e29f51f72c6d8
  AWSLambda: 26951192989fc68625134e4d856e23fede7cd755
  AWSS3: 82159813c72679e1a049e9d0be40ad73ffdb2982

PODFILE CHECKSUM: 5c2e6554cfcba79f670a4f093cbe35567629da32

COCOAPODS: 1.0.0
