PODS:
  - AWSCore (2.4.3)
  - AWSLambda (2.4.3):
    - AWSCore (= 2.4.3)
  - AWSS3 (2.4.3):
    - AWSCore (= 2.4.3)
  - SDWebImage (3.8.1):
    - SDWebImage/Core (= 3.8.1)
  - SDWebImage/Core (3.8.1)

DEPENDENCIES:
  - AWSLambda
  - AWSS3
  - SDWebImage (~> 3.8)

SPEC CHECKSUMS:
  AWSCore: 1b1edbf65f948804c9d522f1c49e29f51f72c6d8
  AWSLambda: 26951192989fc68625134e4d856e23fede7cd755
  AWSS3: 82159813c72679e1a049e9d0be40ad73ffdb2982
  SDWebImage: 35f9627a3e44b4f292a8a8ce6a531fa488239b91

PODFILE CHECKSUM: 21cd54a4fe5915466378d93c1a2a89823fc44fcf

COCOAPODS: 1.0.0
